// !$*UTF8*$!
{
	archiveVersion = 1;
	classes = {
	};
	objectVersion = 56;
	objects = {

/* Begin PBXBuildFile section */
		2EBFAC872CD5B42F00043D35 /* Acharyaprashant_AssignmentApp.swift in Sources */ = {isa = PBXBuildFile; fileRef = 2EBFAC862CD5B42F00043D35 /* Acharyaprashant_AssignmentApp.swift */; };
		2EBFAC8B2CD5B43000043D35 /* Assets.xcassets in Resources */ = {isa = PBXBuildFile; fileRef = 2EBFAC8A2CD5B43000043D35 /* Assets.xcassets */; };
		2EBFAC8E2CD5B43000043D35 /* Preview Assets.xcassets in Resources */ = {isa = PBXBuildFile; fileRef = 2EBFAC8D2CD5B43000043D35 /* Preview Assets.xcassets */; };
		2EBFAC982CD5B4FE00043D35 /* ImageInfo.swift in Sources */ = {isa = PBXBuildFile; fileRef = 2EBFAC972CD5B4FE00043D35 /* ImageInfo.swift */; };
		2EBFAC9B2CD5B55700043D35 /* NetworkManager.swift in Sources */ = {isa = PBXBuildFile; fileRef = 2EBFAC9A2CD5B55700043D35 /* NetworkManager.swift */; };
		2EBFAC9E2CD5B5C200043D35 /* CacheManager.swift in Sources */ = {isa = PBXBuildFile; fileRef = 2EBFAC9D2CD5B5C200043D35 /* CacheManager.swift */; };
		2EBFACA02CD5B5F800043D35 /* ImageGridViewModel.swift in Sources */ = {isa = PBXBuildFile; fileRef = 2EBFAC9F2CD5B5F800043D35 /* ImageGridViewModel.swift */; };
		2EBFACA22CD5B70100043D35 /* ImageGridView.swift in Sources */ = {isa = PBXBuildFile; fileRef = 2EBFACA12CD5B70100043D35 /* ImageGridView.swift */; };
/* End PBXBuildFile section */

/* Begin PBXFileReference section */
		2EBFAC832CD5B42F00043D35 /* Acharyaprashant_Assignment.app */ = {isa = PBXFileReference; explicitFileType = wrapper.application; includeInIndex = 0; path = Acharyaprashant_Assignment.app; sourceTree = BUILT_PRODUCTS_DIR; };
		2EBFAC862CD5B42F00043D35 /* Acharyaprashant_AssignmentApp.swift */ = {isa = PBXFileReference; lastKnownFileType = sourcecode.swift; path = Acharyaprashant_AssignmentApp.swift; sourceTree = "<group>"; };
		2EBFAC8A2CD5B43000043D35 /* Assets.xcassets */ = {isa = PBXFileReference; lastKnownFileType = folder.assetcatalog; path = Assets.xcassets; sourceTree = "<group>"; };
		2EBFAC8D2CD5B43000043D35 /* Preview Assets.xcassets */ = {isa = PBXFileReference; lastKnownFileType = folder.assetcatalog; path = "Preview Assets.xcassets"; sourceTree = "<group>"; };
		2EBFAC972CD5B4FE00043D35 /* ImageInfo.swift */ = {isa = PBXFileReference; lastKnownFileType = sourcecode.swift; path = ImageInfo.swift; sourceTree = "<group>"; };
		2EBFAC9A2CD5B55700043D35 /* NetworkManager.swift */ = {isa = PBXFileReference; lastKnownFileType = sourcecode.swift; path = NetworkManager.swift; sourceTree = "<group>"; };
		2EBFAC9D2CD5B5C200043D35 /* CacheManager.swift */ = {isa = PBXFileReference; lastKnownFileType = sourcecode.swift; path = CacheManager.swift; sourceTree = "<group>"; };
		2EBFAC9F2CD5B5F800043D35 /* ImageGridViewModel.swift */ = {isa = PBXFileReference; lastKnownFileType = sourcecode.swift; path = ImageGridViewModel.swift; sourceTree = "<group>"; };
		2EBFACA12CD5B70100043D35 /* ImageGridView.swift */ = {isa = PBXFileReference; lastKnownFileType = sourcecode.swift; path = ImageGridView.swift; sourceTree = "<group>"; };
/* End PBXFileReference section */

/* Begin PBXFrameworksBuildPhase section */
		2EBFAC802CD5B42F00043D35 /* Frameworks */ = {
			isa = PBXFrameworksBuildPhase;
			buildActionMask = 2147483647;
			files = (
			);
			runOnlyForDeploymentPostprocessing = 0;
		};
/* End PBXFrameworksBuildPhase section */

/* Begin PBXGroup section */
		2EBFAC7A2CD5B42F00043D35 = {
			isa = PBXGroup;
			children = (
				2EBFAC852CD5B42F00043D35 /* Acharyaprashant_Assignment */,
				2EBFAC842CD5B42F00043D35 /* Products */,
			);
			sourceTree = "<group>";
		};
		2EBFAC842CD5B42F00043D35 /* Products */ = {
			isa = PBXGroup;
			children = (
				2EBFAC832CD5B42F00043D35 /* Acharyaprashant_Assignment.app */,
			);
			name = Products;
			sourceTree = "<group>";
		};
		2EBFAC852CD5B42F00043D35 /* Acharyaprashant_Assignment */ = {
			isa = PBXGroup;
			children = (
				2EBFAC862CD5B42F00043D35 /* Acharyaprashant_AssignmentApp.swift */,
				2EBFAC962CD5B47A00043D35 /* Model */,
				2EBFAC952CD5B47100043D35 /* ViewModel */,
				2EBFAC942CD5B46200043D35 /* Views */,
				2EBFAC992CD5B52F00043D35 /* Networking */,
				2EBFAC9C2CD5B5A200043D35 /* Caching */,
				2EBFAC8C2CD5B43000043D35 /* Preview Content */,
			);
			path = Acharyaprashant_Assignment;
			sourceTree = "<group>";
		};
		2EBFAC8C2CD5B43000043D35 /* Preview Content */ = {
			isa = PBXGroup;
			children = (
				2EBFAC8A2CD5B43000043D35 /* Assets.xcassets */,
				2EBFAC8D2CD5B43000043D35 /* Preview Assets.xcassets */,
			);
			path = "Preview Content";
			sourceTree = "<group>";
		};
		2EBFAC942CD5B46200043D35 /* Views */ = {
			isa = PBXGroup;
			children = (
				2EBFACA12CD5B70100043D35 /* ImageGridView.swift */,
			);
			path = Views;
			sourceTree = "<group>";
		};
		2EBFAC952CD5B47100043D35 /* ViewModel */ = {
			isa = PBXGroup;
			children = (
				2EBFAC9F2CD5B5F800043D35 /* ImageGridViewModel.swift */,
			);
			path = ViewModel;
			sourceTree = "<group>";
		};
		2EBFAC962CD5B47A00043D35 /* Model */ = {
			isa = PBXGroup;
			children = (
				2EBFAC972CD5B4FE00043D35 /* ImageInfo.swift */,
			);
			path = Model;
			sourceTree = "<group>";
		};
		2EBFAC992CD5B52F00043D35 /* Networking */ = {
			isa = PBXGroup;
			children = (
				2EBFAC9A2CD5B55700043D35 /* NetworkManager.swift */,
			);
			path = Networking;
			sourceTree = "<group>";
		};
		2EBFAC9C2CD5B5A200043D35 /* Caching */ = {
			isa = PBXGroup;
			children = (
				2EBFAC9D2CD5B5C200043D35 /* CacheManager.swift */,
			);
			path = Caching;
			sourceTree = "<group>";
		};
/* End PBXGroup section */

/* Begin PBXNativeTarget section */
		2EBFAC822CD5B42F00043D35 /* Acharyaprashant_Assignment */ = {
			isa = PBXNativeTarget;
			buildConfigurationList = 2EBFAC912CD5B43000043D35 /* Build configuration list for PBXNativeTarget "Acharyaprashant_Assignment" */;
			buildPhases = (
				2EBFAC7F2CD5B42F00043D35 /* Sources */,
				2EBFAC802CD5B42F00043D35 /* Frameworks */,
				2EBFAC812CD5B42F00043D35 /* Resources */,
			);
			buildRules = (
			);
			dependencies = (
			);
			name = Acharyaprashant_Assignment;
			productName = Acharyaprashant_Assignment;
			productReference = 2EBFAC832CD5B42F00043D35 /* Acharyaprashant_Assignment.app */;
			productType = "com.apple.product-type.application";
		};
/* End PBXNativeTarget section */

/* Begin PBXProject section */
		2EBFAC7B2CD5B42F00043D35 /* Project object */ = {
			isa = PBXProject;
			attributes = {
				BuildIndependentTargetsInParallel = 1;
				LastSwiftUpdateCheck = 1530;
				LastUpgradeCheck = 1530;
				TargetAttributes = {
					2EBFAC822CD5B42F00043D35 = {
						CreatedOnToolsVersion = 15.3;
					};
				};
			};
			buildConfigurationList = 2EBFAC7E2CD5B42F00043D35 /* Build configuration list for PBXProject "Acharyaprashant_Assignment" */;
			compatibilityVersion = "Xcode 14.0";
			developmentRegion = en;
			hasScannedForEncodings = 0;
			knownRegions = (
				en,
				Base,
			);
			mainGroup = 2EBFAC7A2CD5B42F00043D35;
			productRefGroup = 2EBFAC842CD5B42F00043D35 /* Products */;
			projectDirPath = "";
			projectRoot = "";
			targets = (
				2EBFAC822CD5B42F00043D35 /* Acharyaprashant_Assignment */,
			);
		};
/* End PBXProject section */

/* Begin PBXResourcesBuildPhase section */
		2EBFAC812CD5B42F00043D35 /* Resources */ = {
			isa = PBXResourcesBuildPhase;
			buildActionMask = 2147483647;
			files = (
				2EBFAC8E2CD5B43000043D35 /* Preview Assets.xcassets in Resources */,
				2EBFAC8B2CD5B43000043D35 /* Assets.xcassets in Resources */,
			);
			runOnlyForDeploymentPostprocessing = 0;
		};
/* End PBXResourcesBuildPhase section */

/* Begin PBXSourcesBuildPhase section */
		2EBFAC7F2CD5B42F00043D35 /* Sources */ = {
			isa = PBXSourcesBuildPhase;
			buildActionMask = 2147483647;
			files = (
				2EBFACA22CD5B70100043D35 /* ImageGridView.swift in Sources */,
				2EBFACA02CD5B5F800043D35 /* ImageGridViewModel.swift in Sources */,
				2EBFAC982CD5B4FE00043D35 /* ImageInfo.swift in Sources */,
				2EBFAC9E2CD5B5C200043D35 /* CacheManager.swift in Sources */,
				2EBFAC872CD5B42F00043D35 /* Acharyaprashant_AssignmentApp.swift in Sources */,
				2EBFAC9B2CD5B55700043D35 /* NetworkManager.swift in Sources */,
			);
			runOnlyForDeploymentPostprocessing = 0;
		};
/* End PBXSourcesBuildPhase section */

/* Begin XCBuildConfiguration section */
		2EBFAC8F2CD5B43000043D35 /* Debug */ = {
			isa = XCBuildConfiguration;
			buildSettings = {
				ALWAYS_SEARCH_USER_PATHS = NO;
				ASSETCATALOG_COMPILER_GENERATE_SWIFT_ASSET_SYMBOL_EXTENSIONS = YES;
				CLANG_ANALYZER_NONNULL = YES;
				CLANG_ANALYZER_NUMBER_OBJECT_CONVERSION = YES_AGGRESSIVE;
				CLANG_CXX_LANGUAGE_STANDARD = "gnu++20";
				CLANG_ENABLE_MODULES = YES;
				CLANG_ENABLE_OBJC_ARC = YES;
				CLANG_ENABLE_OBJC_WEAK = YES;
				CLANG_WARN_BLOCK_CAPTURE_AUTORELEASING = YES;
				CLANG_WARN_BOOL_CONVERSION = YES;
				CLANG_WARN_COMMA = YES;
				CLANG_WARN_CONSTANT_CONVERSION = YES;
				CLANG_WARN_DEPRECATED_OBJC_IMPLEMENTATIONS = YES;
				CLANG_WARN_DIRECT_OBJC_ISA_USAGE = YES_ERROR;
				CLANG_WARN_DOCUMENTATION_COMMENTS = YES;
				CLANG_WARN_EMPTY_BODY = YES;
				CLANG_WARN_ENUM_CONVERSION = YES;
				CLANG_WARN_INFINITE_RECURSION = YES;
				CLANG_WARN_INT_CONVERSION = YES;
				CLANG_WARN_NON_LITERAL_NULL_CONVERSION = YES;
				CLANG_WARN_OBJC_IMPLICIT_RETAIN_SELF = YES;
				CLANG_WARN_OBJC_LITERAL_CONVERSION = YES;
				CLANG_WARN_OBJC_ROOT_CLASS = YES_ERROR;
				CLANG_WARN_QUOTED_INCLUDE_IN_FRAMEWORK_HEADER = YES;
				CLANG_WARN_RANGE_LOOP_ANALYSIS = YES;
				CLANG_WARN_STRICT_PROTOTYPES = YES;
				CLANG_WARN_SUSPICIOUS_MOVE = YES;
				CLANG_WARN_UNGUARDED_AVAILABILITY = YES_AGGRESSIVE;
				CLANG_WARN_UNREACHABLE_CODE = YES;
				CLANG_WARN__DUPLICATE_METHOD_MATCH = YES;
				COPY_PHASE_STRIP = NO;
				DEBUG_INFORMATION_FORMAT = dwarf;
				ENABLE_STRICT_OBJC_MSGSEND = YES;
				ENABLE_TESTABILITY = YES;
				ENABLE_USER_SCRIPT_SANDBOXING = YES;
				GCC_C_LANGUAGE_STANDARD = gnu17;
				GCC_DYNAMIC_NO_PIC = NO;
				GCC_NO_COMMON_BLOCKS = YES;
				GCC_OPTIMIZATION_LEVEL = 0;
				GCC_PREPROCESSOR_DEFINITIONS = (
					"DEBUG=1",
					"$(inherited)",
				);
				GCC_WARN_64_TO_32_BIT_CONVERSION = YES;
				GCC_WARN_ABOUT_RETURN_TYPE = YES_ERROR;
				GCC_WARN_UNDECLARED_SELECTOR = YES;
				GCC_WARN_UNINITIALIZED_AUTOS = YES_AGGRESSIVE;
				GCC_WARN_UNUSED_FUNCTION = YES;
				GCC_WARN_UNUSED_VARIABLE = YES;
				IPHONEOS_DEPLOYMENT_TARGET = 17.4;
				LOCALIZATION_PREFERS_STRING_CATALOGS = YES;
				MTL_ENABLE_DEBUG_INFO = INCLUDE_SOURCE;
				MTL_FAST_MATH = YES;
				ONLY_ACTIVE_ARCH = YES;
				SDKROOT = iphoneos;
				SWIFT_ACTIVE_COMPILATION_CONDITIONS = "DEBUG $(inherited)";
				SWIFT_OPTIMIZATION_LEVEL = "-Onone";
			};
			name = Debug;
		};
		2EBFAC902CD5B43000043D35 /* Release */ = {
			isa = XCBuildConfiguration;
			buildSettings = {
				ALWAYS_SEARCH_USER_PATHS = NO;
				ASSETCATALOG_COMPILER_GENERATE_SWIFT_ASSET_SYMBOL_EXTENSIONS = YES;
				CLANG_ANALYZER_NONNULL = YES;
				CLANG_ANALYZER_NUMBER_OBJECT_CONVERSION = YES_AGGRESSIVE;
				CLANG_CXX_LANGUAGE_STANDARD = "gnu++20";
				CLANG_ENABLE_MODULES = YES;
				CLANG_ENABLE_OBJC_ARC = YES;
				CLANG_ENABLE_OBJC_WEAK = YES;
				CLANG_WARN_BLOCK_CAPTURE_AUTORELEASING = YES;
				CLANG_WARN_BOOL_CONVERSION = YES;
				CLANG_WARN_COMMA = YES;
				CLANG_WARN_CONSTANT_CONVERSION = YES;
				CLANG_WARN_DEPRECATED_OBJC_IMPLEMENTATIONS = YES;
				CLANG_WARN_DIRECT_OBJC_ISA_USAGE = YES_ERROR;
				CLANG_WARN_DOCUMENTATION_COMMENTS = YES;
				CLANG_WARN_EMPTY_BODY = YES;
				CLANG_WARN_ENUM_CONVERSION = YES;
				CLANG_WARN_INFINITE_RECURSION = YES;
				CLANG_WARN_INT_CONVERSION = YES;
				CLANG_WARN_NON_LITERAL_NULL_CONVERSION = YES;
				CLANG_WARN_OBJC_IMPLICIT_RETAIN_SELF = YES;
				CLANG_WARN_OBJC_LITERAL_CONVERSION = YES;
				CLANG_WARN_OBJC_ROOT_CLASS = YES_ERROR;
				CLANG_WARN_QUOTED_INCLUDE_IN_FRAMEWORK_HEADER = YES;
				CLANG_WARN_RANGE_LOOP_ANALYSIS = YES;
				CLANG_WARN_STRICT_PROTOTYPES = YES;
				CLANG_WARN_SUSPICIOUS_MOVE = YES;
				CLANG_WARN_UNGUARDED_AVAILABILITY = YES_AGGRESSIVE;
				CLANG_WARN_UNREACHABLE_CODE = YES;
				CLANG_WARN__DUPLICATE_METHOD_MATCH = YES;
				COPY_PHASE_STRIP = NO;
				DEBUG_INFORMATION_FORMAT = "dwarf-with-dsym";
				ENABLE_NS_ASSERTIONS = NO;
				ENABLE_STRICT_OBJC_MSGSEND = YES;
				ENABLE_USER_SCRIPT_SANDBOXING = YES;
				GCC_C_LANGUAGE_STANDARD = gnu17;
				GCC_NO_COMMON_BLOCKS = YES;
				GCC_WARN_64_TO_32_BIT_CONVERSION = YES;
				GCC_WARN_ABOUT_RETURN_TYPE = YES_ERROR;
				GCC_WARN_UNDECLARED_SELECTOR = YES;
				GCC_WARN_UNINITIALIZED_AUTOS = YES_AGGRESSIVE;
				GCC_WARN_UNUSED_FUNCTION = YES;
				GCC_WARN_UNUSED_VARIABLE = YES;
				IPHONEOS_DEPLOYMENT_TARGET = 17.4;
				LOCALIZATION_PREFERS_STRING_CATALOGS = YES;
				MTL_ENABLE_DEBUG_INFO = NO;
				MTL_FAST_MATH = YES;
				SDKROOT = iphoneos;
				SWIFT_COMPILATION_MODE = wholemodule;
				VALIDATE_PRODUCT = YES;
			};
			name = Release;
		};
		2EBFAC922CD5B43000043D35 /* Debug */ = {
			isa = XCBuildConfiguration;
			buildSettings = {
				ASSETCATALOG_COMPILER_APPICON_NAME = AppIcon;
				ASSETCATALOG_COMPILER_GLOBAL_ACCENT_COLOR_NAME = AccentColor;
				CODE_SIGN_STYLE = Automatic;
				CURRENT_PROJECT_VERSION = 1;
				DEVELOPMENT_ASSET_PATHS = "\"Acharyaprashant_Assignment/Preview Content\"";
				DEVELOPMENT_TEAM = JK53HRGLYN;
				ENABLE_PREVIEWS = YES;
				GENERATE_INFOPLIST_FILE = YES;
				INFOPLIST_KEY_UIApplicationSceneManifest_Generation = YES;
				INFOPLIST_KEY_UIApplicationSupportsIndirectInputEvents = YES;
				INFOPLIST_KEY_UILaunchScreen_Generation = YES;
				INFOPLIST_KEY_UISupportedInterfaceOrientations_iPad = "UIInterfaceOrientationPortrait UIInterfaceOrientationPortraitUpsideDown UIInterfaceOrientationLandscapeLeft UIInterfaceOrientationLandscapeRight";
				INFOPLIST_KEY_UISupportedInterfaceOrientations_iPhone = "UIInterfaceOrientationPortrait UIInterfaceOrientationLandscapeLeft UIInterfaceOrientationLandscapeRight";
				LD_RUNPATH_SEARCH_PATHS = (
					"$(inherited)",
					"@executable_path/Frameworks",
				);
				MARKETING_VERSION = 1.0;
				PRODUCT_BUNDLE_IDENTIFIER = "com.vishal.Acharyaprashant-Assignment";
				PRODUCT_NAME = "$(TARGET_NAME)";
				SWIFT_EMIT_LOC_STRINGS = YES;
				SWIFT_VERSION = 5.0;
				TARGETED_DEVICE_FAMILY = "1,2";
			};
			name = Debug;
		};
		2EBFAC932CD5B43000043D35 /* Release */ = {
			isa = XCBuildConfiguration;
			buildSettings = {
				ASSETCATALOG_COMPILER_APPICON_NAME = AppIcon;
				ASSETCATALOG_COMPILER_GLOBAL_ACCENT_COLOR_NAME = AccentColor;
				CODE_SIGN_STYLE = Automatic;
				CURRENT_PROJECT_VERSION = 1;
				DEVELOPMENT_ASSET_PATHS = "\"Acharyaprashant_Assignment/Preview Content\"";
				DEVELOPMENT_TEAM = JK53HRGLYN;
				ENABLE_PREVIEWS = YES;
				GENERATE_INFOPLIST_FILE = YES;
				INFOPLIST_KEY_UIApplicationSceneManifest_Generation = YES;
				INFOPLIST_KEY_UIApplicationSupportsIndirectInputEvents = YES;
				INFOPLIST_KEY_UILaunchScreen_Generation = YES;
				INFOPLIST_KEY_UISupportedInterfaceOrientations_iPad = "UIInterfaceOrientationPortrait UIInterfaceOrientationPortraitUpsideDown UIInterfaceOrientationLandscapeLeft UIInterfaceOrientationLandscapeRight";
				INFOPLIST_KEY_UISupportedInterfaceOrientations_iPhone = "UIInterfaceOrientationPortrait UIInterfaceOrientationLandscapeLeft UIInterfaceOrientationLandscapeRight";
				LD_RUNPATH_SEARCH_PATHS = (
					"$(inherited)",
					"@executable_path/Frameworks",
				);
				MARKETING_VERSION = 1.0;
				PRODUCT_BUNDLE_IDENTIFIER = "com.vishal.Acharyaprashant-Assignment";
				PRODUCT_NAME = "$(TARGET_NAME)";
				SWIFT_EMIT_LOC_STRINGS = YES;
				SWIFT_VERSION = 5.0;
				TARGETED_DEVICE_FAMILY = "1,2";
			};
			name = Release;
		};
/* End XCBuildConfiguration section */

/* Begin XCConfigurationList section */
		2EBFAC7E2CD5B42F00043D35 /* Build configuration list for PBXProject "Acharyaprashant_Assignment" */ = {
			isa = XCConfigurationList;
			buildConfigurations = (
				2EBFAC8F2CD5B43000043D35 /* Debug */,
				2EBFAC902CD5B43000043D35 /* Release */,
			);
			defaultConfigurationIsVisible = 0;
			defaultConfigurationName = Release;
		};
		2EBFAC912CD5B43000043D35 /* Build configuration list for PBXNativeTarget "Acharyaprashant_Assignment" */ = {
			isa = XCConfigurationList;
			buildConfigurations = (
				2EBFAC922CD5B43000043D35 /* Debug */,
				2EBFAC932CD5B43000043D35 /* Release */,
			);
			defaultConfigurationIsVisible = 0;
			defaultConfigurationName = Release;
		};
/* End XCConfigurationList section */
	};
	rootObject = 2EBFAC7B2CD5B42F00043D35 /* Project object */;
}
